
Microsoft Visual Studio Solution File, Format Version 12.00
# Visual Studio 14
VisualStudioVersion = 14.0.25420.1
MinimumVisualStudioVersion = 10.0.40219.1
Project("{FAE04EC0-301F-11D3-BF4B-00C04F79EFBC}") = "RNDITConsultants.Model", "RNDITConsultants.Model\RNDITConsultants.Model.csproj", "{0120B8A5-5081-489E-846F-98269CB67494}"
EndProject
Project("{FAE04EC0-301F-11D3-BF4B-00C04F79EFBC}") = "RNDITConsultants.BusinessLogic", "RNDITConsultants.BusinessLogic\RNDITConsultants.BusinessLogic.csproj", "{2DF1BF53-9083-491F-B4E3-2A68A35D9F5F}"
EndProject
Project("{FAE04EC0-301F-11D3-BF4B-00C04F79EFBC}") = "RNDITConsultants.BusinessLogicTests", "RNDITConsultants.BusinessLogicTests\RNDITConsultants.BusinessLogicTests.csproj", "{64B6838A-8024-4E9B-9C6D-3FE0A3A8F991}"
EndProject
Project("{FAE04EC0-301F-11D3-BF4B-00C04F79EFBC}") = "RNDITConsultants.Log", "RNDITConsultants.Log\RNDITConsultants.Log.csproj", "{17B8BEDC-7B91-4E05-B81B-94A2C0762075}"
EndProject
Project("{FAE04EC0-301F-11D3-BF4B-00C04F79EFBC}") = "RNDITConsultants.IoC", "RNDITConsultants.IoC\RNDITConsultants.IoC.csproj", "{17F68625-ABDC-4F96-BAD5-287B1019B9D8}"
EndProject
Project("{FAE04EC0-301F-11D3-BF4B-00C04F79EFBC}") = "RNDITConsultants.Gateway", "RNDITConsultants.Gateway\RNDITConsultants.Gateway.csproj", "{F9468690-21A8-4B79-8D93-150E4F078649}"
EndProject
Project("{FAE04EC0-301F-11D3-BF4B-00C04F79EFBC}") = "RNDITConsultants.GatewayTests", "RNDITConsultants.GatewayTests\RNDITConsultants.GatewayTests.csproj", "{E1C0B48C-0DFD-4B16-9F84-A4843B87F894}"
EndProject
Global
	GlobalSection(SolutionConfigurationPlatforms) = preSolution
		Debug|Any CPU = Debug|Any CPU
		Release|Any CPU = Release|Any CPU
	EndGlobalSection
	GlobalSection(ProjectConfigurationPlatforms) = postSolution
		{0120B8A5-5081-489E-846F-98269CB67494}.Debug|Any CPU.ActiveCfg = Debug|Any CPU
		{0120B8A5-5081-489E-846F-98269CB67494}.Debug|Any CPU.Build.0 = Debug|Any CPU
		{0120B8A5-5081-489E-846F-98269CB67494}.Release|Any CPU.ActiveCfg = Release|Any CPU
		{0120B8A5-5081-489E-846F-98269CB67494}.Release|Any CPU.Build.0 = Release|Any CPU
		{2DF1BF53-9083-491F-B4E3-2A68A35D9F5F}.Debug|Any CPU.ActiveCfg = Debug|Any CPU
		{2DF1BF53-9083-491F-B4E3-2A68A35D9F5F}.Debug|Any CPU.Build.0 = Debug|Any CPU
		{2DF1BF53-9083-491F-B4E3-2A68A35D9F5F}.Release|Any CPU.ActiveCfg = Release|Any CPU
		{2DF1BF53-9083-491F-B4E3-2A68A35D9F5F}.Release|Any CPU.Build.0 = Release|Any CPU
		{64B6838A-8024-4E9B-9C6D-3FE0A3A8F991}.Debug|Any CPU.ActiveCfg = Debug|Any CPU
		{64B6838A-8024-4E9B-9C6D-3FE0A3A8F991}.Debug|Any CPU.Build.0 = Debug|Any CPU
		{64B6838A-8024-4E9B-9C6D-3FE0A3A8F991}.Release|Any CPU.ActiveCfg = Release|Any CPU
		{64B6838A-8024-4E9B-9C6D-3FE0A3A8F991}.Release|Any CPU.Build.0 = Release|Any CPU
		{17B8BEDC-7B91-4E05-B81B-94A2C0762075}.Debug|Any CPU.ActiveCfg = Debug|Any CPU
		{17B8BEDC-7B91-4E05-B81B-94A2C0762075}.Debug|Any CPU.Build.0 = Debug|Any CPU
		{17B8BEDC-7B91-4E05-B81B-94A2C0762075}.Release|Any CPU.ActiveCfg = Release|Any CPU
		{17B8BEDC-7B91-4E05-B81B-94A2C0762075}.Release|Any CPU.Build.0 = Release|Any CPU
		{17F68625-ABDC-4F96-BAD5-287B1019B9D8}.Debug|Any CPU.ActiveCfg = Debug|Any CPU
		{17F68625-ABDC-4F96-BAD5-287B1019B9D8}.Debug|Any CPU.Build.0 = Debug|Any CPU
		{17F68625-ABDC-4F96-BAD5-287B1019B9D8}.Release|Any CPU.ActiveCfg = Release|Any CPU
		{17F68625-ABDC-4F96-BAD5-287B1019B9D8}.Release|Any CPU.Build.0 = Release|Any CPU
		{F9468690-21A8-4B79-8D93-150E4F078649}.Debug|Any CPU.ActiveCfg = Debug|Any CPU
		{F9468690-21A8-4B79-8D93-150E4F078649}.Debug|Any CPU.Build.0 = Debug|Any CPU
		{F9468690-21A8-4B79-8D93-150E4F078649}.Release|Any CPU.ActiveCfg = Release|Any CPU
		{F9468690-21A8-4B79-8D93-150E4F078649}.Release|Any CPU.Build.0 = Release|Any CPU
		{E1C0B48C-0DFD-4B16-9F84-A4843B87F894}.Debug|Any CPU.ActiveCfg = Debug|Any CPU
		{E1C0B48C-0DFD-4B16-9F84-A4843B87F894}.Debug|Any CPU.Build.0 = Debug|Any CPU
		{E1C0B48C-0DFD-4B16-9F84-A4843B87F894}.Release|Any CPU.ActiveCfg = Release|Any CPU
		{E1C0B48C-0DFD-4B16-9F84-A4843B87F894}.Release|Any CPU.Build.0 = Release|Any CPU
	EndGlobalSection
	GlobalSection(SolutionProperties) = preSolution
		HideSolutionNode = FALSE
	EndGlobalSection
EndGlobal
